PODS:
  - R.swift (5.4.0):
    - R.swift.Library (~> 5.3.0)
  - R.swift.Library (5.3.0)
  - ZScrambler (1.0.0)

DEPENDENCIES:
  - R.swift (= 5.4.0)
  - ZScrambler (from `https://github.com/soucolline/ZScrambler`)

SPEC REPOS:
  trunk:
    - R.swift
    - R.swift.Library

EXTERNAL SOURCES:
  ZScrambler:
    :git: https://github.com/soucolline/ZScrambler

CHECKOUT OPTIONS:
  ZScrambler:
    :commit: 10af3be5c2f3d2ef26753af9f6ddfe4ab0117fd9
    :git: https://github.com/soucolline/ZScrambler

SPEC CHECKSUMS:
  R.swift: c533450b0f7dc494e0993f5f1a1db925d84c3006
  R.swift.Library: 0fc583cb55a99e28901299cc451614cad1161962
  ZScrambler: 8172caa0519234232a8abf25965ec5d3bc978d2a

PODFILE CHECKSUM: 273951046dc0e013150f59804fb83877f202f204

COCOAPODS: 1.11.0
