// !$*UTF8*$!
{
	archiveVersion = 1;
	classes = {
	};
	objectVersion = 54;
	objects = {

/* Begin PBXBuildFile section */
		0C24869C1802411600209767 /* QuartzCore.framework in Frameworks */ = {isa = PBXBuildFile; fileRef = 0C24869B1802411600209767 /* QuartzCore.framework */; };
		0C2FA6DC17B1E37F00A006B5 /* UIKit.framework in Frameworks */ = {isa = PBXBuildFile; fileRef = 0C2FA6DB17B1E37F00A006B5 /* UIKit.framework */; };
		0C2FA6DE17B1E37F00A006B5 /* Foundation.framework in Frameworks */ = {isa = PBXBuildFile; fileRef = 0C2FA6DD17B1E37F00A006B5 /* Foundation.framework */; };
		0C2FA6E017B1E37F00A006B5 /* CoreGraphics.framework in Frameworks */ = {isa = PBXBuildFile; fileRef = 0C2FA6DF17B1E37F00A006B5 /* CoreGraphics.framework */; };
		0C2FA6F517B1E37F00A006B5 /* MainStoryboard_iPhone.storyboard in Resources */ = {isa = PBXBuildFile; fileRef = 0C2FA6F317B1E37F00A006B5 /* MainStoryboard_iPhone.storyboard */; };
		0CA7691F1837D05D00EF3191 /* CoreMotion.framework in Frameworks */ = {isa = PBXBuildFile; fileRef = 0CA7691E1837D05D00EF3191 /* CoreMotion.framework */; };
		0CE9480F17FA627900FB770C /* Localizable.strings in Resources */ = {isa = PBXBuildFile; fileRef = 0CE9481117FA627900FB770C /* Localizable.strings */; };
		0CEB9A9B180E33580064182B /* MessageUI.framework in Frameworks */ = {isa = PBXBuildFile; fileRef = 0CEB9A9A180E33580064182B /* MessageUI.framework */; };
		0CEB9B3D180FAD120064182B /* Images.xcassets in Resources */ = {isa = PBXBuildFile; fileRef = 0CEB9B3C180FAD120064182B /* Images.xcassets */; };
		0CF468901814B87A00643E69 /* SystemConfiguration.framework in Frameworks */ = {isa = PBXBuildFile; fileRef = 0CF4688F1814B87A00643E69 /* SystemConfiguration.framework */; };
		0CF468921814B8A000643E69 /* CoreTelephony.framework in Frameworks */ = {isa = PBXBuildFile; fileRef = 0CF468911814B8A000643E69 /* CoreTelephony.framework */; };
		0CF468941814B8AE00643E69 /* libicucore.dylib in Frameworks */ = {isa = PBXBuildFile; fileRef = 0CF468931814B8AE00643E69 /* libicucore.dylib */; };
		0CF468961814B8B800643E69 /* libz.1.2.5.dylib in Frameworks */ = {isa = PBXBuildFile; fileRef = 0CF468951814B8B800643E69 /* libz.1.2.5.dylib */; };
		0CF7B4B3187E44D800B7500B /* CFNetwork.framework in Frameworks */ = {isa = PBXBuildFile; fileRef = 0CF7B4B2187E44D800B7500B /* CFNetwork.framework */; };
		7F7D43E026B166B30017B4C3 /* LicenseViewController.swift in Sources */ = {isa = PBXBuildFile; fileRef = 7F7D43DF26B166B30017B4C3 /* LicenseViewController.swift */; };
		7F7D43E426B168B10017B4C3 /* WebKit.framework in Frameworks */ = {isa = PBXBuildFile; fileRef = 7F7D43E326B168B10017B4C3 /* WebKit.framework */; };
		7F7D43E826B16B3D0017B4C3 /* ThemeViewController.swift in Sources */ = {isa = PBXBuildFile; fileRef = 7F7D43E726B16B3D0017B4C3 /* ThemeViewController.swift */; };
		7F7D43EC26B3E8150017B4C3 /* HelpViewController.swift in Sources */ = {isa = PBXBuildFile; fileRef = 7F7D43EB26B3E8150017B4C3 /* HelpViewController.swift */; };
		7F7D43F026B3EFB70017B4C3 /* MoreViewController.swift in Sources */ = {isa = PBXBuildFile; fileRef = 7F7D43EF26B3EFB70017B4C3 /* MoreViewController.swift */; };
		7F7D43F426B5A5720017B4C3 /* SettingsViewController.swift in Sources */ = {isa = PBXBuildFile; fileRef = 7F7D43F326B5A5720017B4C3 /* SettingsViewController.swift */; };
		7F7D43F826B6DF340017B4C3 /* EditSessionViewController.swift in Sources */ = {isa = PBXBuildFile; fileRef = 7F7D43F726B6DF340017B4C3 /* EditSessionViewController.swift */; };
		7F7D43FC26B6E6390017B4C3 /* SessionViewController.swift in Sources */ = {isa = PBXBuildFile; fileRef = 7F7D43FB26B6E6390017B4C3 /* SessionViewController.swift */; };
		7F7D440026B6F3770017B4C3 /* SolveDetailViewController.swift in Sources */ = {isa = PBXBuildFile; fileRef = 7F7D43FF26B6F3770017B4C3 /* SolveDetailViewController.swift */; };
		7F7D440526B6FE490017B4C3 /* StatDetailViewController.swift in Sources */ = {isa = PBXBuildFile; fileRef = 7F7D440426B6FE490017B4C3 /* StatDetailViewController.swift */; };
		CD176BEAA9B4A56A74143881 /* Pods_ZTimer.framework in Frameworks */ = {isa = PBXBuildFile; fileRef = 1458A5680F73444F8C79AD17 /* Pods_ZTimer.framework */; };
		E9081E9E26C7FCF900619AE2 /* ScramblePickerViewController.swift in Sources */ = {isa = PBXBuildFile; fileRef = E9081E9D26C7FCF900619AE2 /* ScramblePickerViewController.swift */; };
		E9081EA026C90F5500619AE2 /* Scramble.swift in Sources */ = {isa = PBXBuildFile; fileRef = E9081E9F26C90F5500619AE2 /* Scramble.swift */; };
		E90A57C326C91DF500424DCF /* Solve.swift in Sources */ = {isa = PBXBuildFile; fileRef = E90A57C226C91DF500424DCF /* Solve.swift */; };
		E97FF97226A6212C00546236 /* OneStat.swift in Sources */ = {isa = PBXBuildFile; fileRef = E97FF97126A6212C00546236 /* OneStat.swift */; };
		E97FF97426A6249400546236 /* Theme.swift in Sources */ = {isa = PBXBuildFile; fileRef = E97FF97326A6249400546236 /* Theme.swift */; };
		E982081226E4B96200DD7A9E /* LaunchScreen.storyboard in Resources */ = {isa = PBXBuildFile; fileRef = E982080D26E4B96200DD7A9E /* LaunchScreen.storyboard */; };
		E982081326E4B96200DD7A9E /* license.html in Resources */ = {isa = PBXBuildFile; fileRef = E982080E26E4B96200DD7A9E /* license.html */; };
		E982081426E4B96200DD7A9E /* scrambleTypes.plist in Resources */ = {isa = PBXBuildFile; fileRef = E982080F26E4B96200DD7A9E /* scrambleTypes.plist */; };
		E982081526E4B96200DD7A9E /* AppDelegate.swift in Sources */ = {isa = PBXBuildFile; fileRef = E982081026E4B96200DD7A9E /* AppDelegate.swift */; };
		E99F0CD326A48311002A8081 /* Utils.swift in Sources */ = {isa = PBXBuildFile; fileRef = E99F0CD226A48311002A8081 /* Utils.swift */; };
		E99F0CD526A487AF002A8081 /* Settings.swift in Sources */ = {isa = PBXBuildFile; fileRef = E99F0CD426A487AF002A8081 /* Settings.swift */; };
		E9B8098326BC1967001C1095 /* StatsViewController.swift in Sources */ = {isa = PBXBuildFile; fileRef = E9B8098226BC1967001C1095 /* StatsViewController.swift */; };
		E9B8098526BDB2DE001C1095 /* TimingViewController.swift in Sources */ = {isa = PBXBuildFile; fileRef = E9B8098426BDB2DD001C1095 /* TimingViewController.swift */; };
		E9D499D026D191220069C9A1 /* SessionManager.swift in Sources */ = {isa = PBXBuildFile; fileRef = E9D499CF26D191220069C9A1 /* SessionManager.swift */; };
		E9D499D326D245840069C9A1 /* Session.swift in Sources */ = {isa = PBXBuildFile; fileRef = E9D499D226D245840069C9A1 /* Session.swift */; };
/* End PBXBuildFile section */

/* Begin PBXFileReference section */
		0C24869B1802411600209767 /* QuartzCore.framework */ = {isa = PBXFileReference; lastKnownFileType = wrapper.framework; name = QuartzCore.framework; path = System/Library/Frameworks/QuartzCore.framework; sourceTree = SDKROOT; };
		0C2FA6D817B1E37F00A006B5 /* ZTimer.app */ = {isa = PBXFileReference; explicitFileType = wrapper.application; includeInIndex = 0; path = ZTimer.app; sourceTree = BUILT_PRODUCTS_DIR; };
		0C2FA6DB17B1E37F00A006B5 /* UIKit.framework */ = {isa = PBXFileReference; lastKnownFileType = wrapper.framework; name = UIKit.framework; path = System/Library/Frameworks/UIKit.framework; sourceTree = SDKROOT; };
		0C2FA6DD17B1E37F00A006B5 /* Foundation.framework */ = {isa = PBXFileReference; lastKnownFileType = wrapper.framework; name = Foundation.framework; path = System/Library/Frameworks/Foundation.framework; sourceTree = SDKROOT; };
		0C2FA6DF17B1E37F00A006B5 /* CoreGraphics.framework */ = {isa = PBXFileReference; lastKnownFileType = wrapper.framework; name = CoreGraphics.framework; path = System/Library/Frameworks/CoreGraphics.framework; sourceTree = SDKROOT; };
		0CA7691E1837D05D00EF3191 /* CoreMotion.framework */ = {isa = PBXFileReference; lastKnownFileType = wrapper.framework; name = CoreMotion.framework; path = System/Library/Frameworks/CoreMotion.framework; sourceTree = SDKROOT; };
		0CE9481017FA627900FB770C /* en */ = {isa = PBXFileReference; lastKnownFileType = text.plist.strings; name = en; path = en.lproj/Localizable.strings; sourceTree = "<group>"; };
		0CE9481217FA627E00FB770C /* zh-Hans */ = {isa = PBXFileReference; lastKnownFileType = text.plist.strings; name = "zh-Hans"; path = "zh-Hans.lproj/Localizable.strings"; sourceTree = "<group>"; };
		0CEB9A9A180E33580064182B /* MessageUI.framework */ = {isa = PBXFileReference; lastKnownFileType = wrapper.framework; name = MessageUI.framework; path = System/Library/Frameworks/MessageUI.framework; sourceTree = SDKROOT; };
		0CEB9B3C180FAD120064182B /* Images.xcassets */ = {isa = PBXFileReference; lastKnownFileType = folder.assetcatalog; path = Images.xcassets; sourceTree = "<group>"; };
		0CF4688F1814B87A00643E69 /* SystemConfiguration.framework */ = {isa = PBXFileReference; lastKnownFileType = wrapper.framework; name = SystemConfiguration.framework; path = System/Library/Frameworks/SystemConfiguration.framework; sourceTree = SDKROOT; };
		0CF468911814B8A000643E69 /* CoreTelephony.framework */ = {isa = PBXFileReference; lastKnownFileType = wrapper.framework; name = CoreTelephony.framework; path = System/Library/Frameworks/CoreTelephony.framework; sourceTree = SDKROOT; };
		0CF468931814B8AE00643E69 /* libicucore.dylib */ = {isa = PBXFileReference; lastKnownFileType = "compiled.mach-o.dylib"; name = libicucore.dylib; path = usr/lib/libicucore.dylib; sourceTree = SDKROOT; };
		0CF468951814B8B800643E69 /* libz.1.2.5.dylib */ = {isa = PBXFileReference; lastKnownFileType = "compiled.mach-o.dylib"; name = libz.1.2.5.dylib; path = usr/lib/libz.1.2.5.dylib; sourceTree = SDKROOT; };
		0CF7B4B2187E44D800B7500B /* CFNetwork.framework */ = {isa = PBXFileReference; lastKnownFileType = wrapper.framework; name = CFNetwork.framework; path = System/Library/Frameworks/CFNetwork.framework; sourceTree = SDKROOT; };
		12ADA20233F2BDF3C8227647 /* Pods-ZTimer.debug.xcconfig */ = {isa = PBXFileReference; includeInIndex = 1; lastKnownFileType = text.xcconfig; name = "Pods-ZTimer.debug.xcconfig"; path = "Target Support Files/Pods-ZTimer/Pods-ZTimer.debug.xcconfig"; sourceTree = "<group>"; };
		1458A5680F73444F8C79AD17 /* Pods_ZTimer.framework */ = {isa = PBXFileReference; explicitFileType = wrapper.framework; includeInIndex = 0; path = Pods_ZTimer.framework; sourceTree = BUILT_PRODUCTS_DIR; };
		2EFA162806CDFE1593448D78 /* Pods-ZTimer.release.xcconfig */ = {isa = PBXFileReference; includeInIndex = 1; lastKnownFileType = text.xcconfig; name = "Pods-ZTimer.release.xcconfig"; path = "Target Support Files/Pods-ZTimer/Pods-ZTimer.release.xcconfig"; sourceTree = "<group>"; };
		7F7D43DF26B166B30017B4C3 /* LicenseViewController.swift */ = {isa = PBXFileReference; lastKnownFileType = sourcecode.swift; path = LicenseViewController.swift; sourceTree = "<group>"; };
		7F7D43E326B168B10017B4C3 /* WebKit.framework */ = {isa = PBXFileReference; lastKnownFileType = wrapper.framework; name = WebKit.framework; path = System/Library/Frameworks/WebKit.framework; sourceTree = SDKROOT; };
		7F7D43E726B16B3D0017B4C3 /* ThemeViewController.swift */ = {isa = PBXFileReference; lastKnownFileType = sourcecode.swift; path = ThemeViewController.swift; sourceTree = "<group>"; };
		7F7D43EB26B3E8150017B4C3 /* HelpViewController.swift */ = {isa = PBXFileReference; lastKnownFileType = sourcecode.swift; path = HelpViewController.swift; sourceTree = "<group>"; };
		7F7D43EF26B3EFB70017B4C3 /* MoreViewController.swift */ = {isa = PBXFileReference; lastKnownFileType = sourcecode.swift; path = MoreViewController.swift; sourceTree = "<group>"; };
		7F7D43F326B5A5720017B4C3 /* SettingsViewController.swift */ = {isa = PBXFileReference; lastKnownFileType = sourcecode.swift; path = SettingsViewController.swift; sourceTree = "<group>"; };
		7F7D43F726B6DF340017B4C3 /* EditSessionViewController.swift */ = {isa = PBXFileReference; lastKnownFileType = sourcecode.swift; path = EditSessionViewController.swift; sourceTree = "<group>"; };
		7F7D43FB26B6E6390017B4C3 /* SessionViewController.swift */ = {isa = PBXFileReference; lastKnownFileType = sourcecode.swift; path = SessionViewController.swift; sourceTree = "<group>"; };
		7F7D43FF26B6F3770017B4C3 /* SolveDetailViewController.swift */ = {isa = PBXFileReference; lastKnownFileType = sourcecode.swift; path = SolveDetailViewController.swift; sourceTree = "<group>"; };
		7F7D440426B6FE490017B4C3 /* StatDetailViewController.swift */ = {isa = PBXFileReference; lastKnownFileType = sourcecode.swift; path = StatDetailViewController.swift; sourceTree = "<group>"; };
		E9081E9D26C7FCF900619AE2 /* ScramblePickerViewController.swift */ = {isa = PBXFileReference; lastKnownFileType = sourcecode.swift; path = ScramblePickerViewController.swift; sourceTree = "<group>"; };
		E9081E9F26C90F5500619AE2 /* Scramble.swift */ = {isa = PBXFileReference; lastKnownFileType = sourcecode.swift; path = Scramble.swift; sourceTree = "<group>"; };
		E90A57C226C91DF500424DCF /* Solve.swift */ = {isa = PBXFileReference; lastKnownFileType = sourcecode.swift; path = Solve.swift; sourceTree = "<group>"; };
		E97FF97126A6212C00546236 /* OneStat.swift */ = {isa = PBXFileReference; lastKnownFileType = sourcecode.swift; path = OneStat.swift; sourceTree = "<group>"; };
		E97FF97326A6249400546236 /* Theme.swift */ = {isa = PBXFileReference; lastKnownFileType = sourcecode.swift; path = Theme.swift; sourceTree = "<group>"; };
		E982080D26E4B96200DD7A9E /* LaunchScreen.storyboard */ = {isa = PBXFileReference; fileEncoding = 4; lastKnownFileType = file.storyboard; path = LaunchScreen.storyboard; sourceTree = "<group>"; };
		E982080E26E4B96200DD7A9E /* license.html */ = {isa = PBXFileReference; fileEncoding = 4; lastKnownFileType = text.html; path = license.html; sourceTree = "<group>"; };
		E982080F26E4B96200DD7A9E /* scrambleTypes.plist */ = {isa = PBXFileReference; fileEncoding = 4; lastKnownFileType = text.plist.xml; path = scrambleTypes.plist; sourceTree = "<group>"; };
		E982081026E4B96200DD7A9E /* AppDelegate.swift */ = {isa = PBXFileReference; fileEncoding = 4; lastKnownFileType = sourcecode.swift; path = AppDelegate.swift; sourceTree = "<group>"; };
		E982081126E4B96200DD7A9E /* ZTimer-Info.plist */ = {isa = PBXFileReference; fileEncoding = 4; lastKnownFileType = text.plist.xml; path = "ZTimer-Info.plist"; sourceTree = "<group>"; };
		E99F0CCF26A480C0002A8081 /* Base */ = {isa = PBXFileReference; lastKnownFileType = file.storyboard; name = Base; path = Base.lproj/MainStoryboard_iPhone.storyboard; sourceTree = "<group>"; };
		E99F0CD226A48311002A8081 /* Utils.swift */ = {isa = PBXFileReference; lastKnownFileType = sourcecode.swift; path = Utils.swift; sourceTree = "<group>"; };
		E99F0CD426A487AF002A8081 /* Settings.swift */ = {isa = PBXFileReference; lastKnownFileType = sourcecode.swift; path = Settings.swift; sourceTree = "<group>"; };
		E9B8098226BC1967001C1095 /* StatsViewController.swift */ = {isa = PBXFileReference; lastKnownFileType = sourcecode.swift; path = StatsViewController.swift; sourceTree = "<group>"; };
		E9B8098426BDB2DD001C1095 /* TimingViewController.swift */ = {isa = PBXFileReference; lastKnownFileType = sourcecode.swift; path = TimingViewController.swift; sourceTree = "<group>"; };
		E9D499CF26D191220069C9A1 /* SessionManager.swift */ = {isa = PBXFileReference; lastKnownFileType = sourcecode.swift; path = SessionManager.swift; sourceTree = "<group>"; };
		E9D499D226D245840069C9A1 /* Session.swift */ = {isa = PBXFileReference; lastKnownFileType = sourcecode.swift; path = Session.swift; sourceTree = "<group>"; };
/* End PBXFileReference section */

/* Begin PBXFrameworksBuildPhase section */
		0C2FA6D517B1E37F00A006B5 /* Frameworks */ = {
			isa = PBXFrameworksBuildPhase;
			buildActionMask = 2147483647;
			files = (
				0CF7B4B3187E44D800B7500B /* CFNetwork.framework in Frameworks */,
				0CA7691F1837D05D00EF3191 /* CoreMotion.framework in Frameworks */,
				7F7D43E426B168B10017B4C3 /* WebKit.framework in Frameworks */,
				0CF468961814B8B800643E69 /* libz.1.2.5.dylib in Frameworks */,
				0CF468941814B8AE00643E69 /* libicucore.dylib in Frameworks */,
				0CF468921814B8A000643E69 /* CoreTelephony.framework in Frameworks */,
				0CF468901814B87A00643E69 /* SystemConfiguration.framework in Frameworks */,
				0CEB9A9B180E33580064182B /* MessageUI.framework in Frameworks */,
				0C24869C1802411600209767 /* QuartzCore.framework in Frameworks */,
				0C2FA6DC17B1E37F00A006B5 /* UIKit.framework in Frameworks */,
				0C2FA6DE17B1E37F00A006B5 /* Foundation.framework in Frameworks */,
				0C2FA6E017B1E37F00A006B5 /* CoreGraphics.framework in Frameworks */,
				CD176BEAA9B4A56A74143881 /* Pods_ZTimer.framework in Frameworks */,
			);
			runOnlyForDeploymentPostprocessing = 0;
		};
/* End PBXFrameworksBuildPhase section */

/* Begin PBXGroup section */
		0C24868E180232F300209767 /* CutomViews */ = {
			isa = PBXGroup;
			children = (
				E9081E9D26C7FCF900619AE2 /* ScramblePickerViewController.swift */,
			);
			name = CutomViews;
			path = CustomViews;
			sourceTree = "<group>";
		};
		0C2FA6CF17B1E37F00A006B5 = {
			isa = PBXGroup;
			children = (
				0C2FA6E117B1E37F00A006B5 /* ZTimer */,
				0C2FA6DA17B1E37F00A006B5 /* Frameworks */,
				0C2FA6D917B1E37F00A006B5 /* Products */,
				9850F6293E8C7551CA5974A4 /* Pods */,
			);
			sourceTree = "<group>";
		};
		0C2FA6D917B1E37F00A006B5 /* Products */ = {
			isa = PBXGroup;
			children = (
				0C2FA6D817B1E37F00A006B5 /* ZTimer.app */,
			);
			name = Products;
			sourceTree = "<group>";
		};
		0C2FA6DA17B1E37F00A006B5 /* Frameworks */ = {
			isa = PBXGroup;
			children = (
				7F7D43E326B168B10017B4C3 /* WebKit.framework */,
				0CF7B4B2187E44D800B7500B /* CFNetwork.framework */,
				0CA7691E1837D05D00EF3191 /* CoreMotion.framework */,
				0CF468951814B8B800643E69 /* libz.1.2.5.dylib */,
				0CF468931814B8AE00643E69 /* libicucore.dylib */,
				0CF468911814B8A000643E69 /* CoreTelephony.framework */,
				0CF4688F1814B87A00643E69 /* SystemConfiguration.framework */,
				0CEB9A9A180E33580064182B /* MessageUI.framework */,
				0C24869B1802411600209767 /* QuartzCore.framework */,
				0C2FA6DB17B1E37F00A006B5 /* UIKit.framework */,
				0C2FA6DD17B1E37F00A006B5 /* Foundation.framework */,
				0C2FA6DF17B1E37F00A006B5 /* CoreGraphics.framework */,
				1458A5680F73444F8C79AD17 /* Pods_ZTimer.framework */,
			);
			name = Frameworks;
			sourceTree = "<group>";
		};
		0C2FA6E117B1E37F00A006B5 /* ZTimer */ = {
			isa = PBXGroup;
			children = (
				0CE9481117FA627900FB770C /* Localizable.strings */,
				0C2FA6F317B1E37F00A006B5 /* MainStoryboard_iPhone.storyboard */,
				0C2FA70E17B68BAF00A006B5 /* DataStructure */,
				0C24868E180232F300209767 /* CutomViews */,
				0C2FA70C17B68B9B00A006B5 /* ViewController */,
				0C2FA70F17B68BB900A006B5 /* Util */,
				0C2FA70D17B68BA400A006B5 /* Resource */,
				E982080C26E4B96200DD7A9E /* SupportingFiles */,
				0CEB9B3C180FAD120064182B /* Images.xcassets */,
			);
			path = ZTimer;
			sourceTree = "<group>";
		};
		0C2FA70C17B68B9B00A006B5 /* ViewController */ = {
			isa = PBXGroup;
			children = (
				E9B8098426BDB2DD001C1095 /* TimingViewController.swift */,
				E9B8098226BC1967001C1095 /* StatsViewController.swift */,
				7F7D440426B6FE490017B4C3 /* StatDetailViewController.swift */,
				7F7D43FF26B6F3770017B4C3 /* SolveDetailViewController.swift */,
				7F7D43FB26B6E6390017B4C3 /* SessionViewController.swift */,
				7F7D43F726B6DF340017B4C3 /* EditSessionViewController.swift */,
				7F7D43EB26B3E8150017B4C3 /* HelpViewController.swift */,
				7F7D43EF26B3EFB70017B4C3 /* MoreViewController.swift */,
				7F7D43E726B16B3D0017B4C3 /* ThemeViewController.swift */,
				7F7D43F326B5A5720017B4C3 /* SettingsViewController.swift */,
				7F7D43DF26B166B30017B4C3 /* LicenseViewController.swift */,
			);
			path = ViewController;
			sourceTree = "<group>";
		};
		0C2FA70D17B68BA400A006B5 /* Resource */ = {
			isa = PBXGroup;
			children = (
			);
			path = Resource;
			sourceTree = "<group>";
		};
		0C2FA70E17B68BAF00A006B5 /* DataStructure */ = {
			isa = PBXGroup;
			children = (
				E9D499CF26D191220069C9A1 /* SessionManager.swift */,
				E9D499D226D245840069C9A1 /* Session.swift */,
				E90A57C226C91DF500424DCF /* Solve.swift */,
				E9081E9F26C90F5500619AE2 /* Scramble.swift */,
			);
			path = DataStructure;
			sourceTree = "<group>";
		};
		0C2FA70F17B68BB900A006B5 /* Util */ = {
			isa = PBXGroup;
			children = (
				E97FF97326A6249400546236 /* Theme.swift */,
				E97FF97126A6212C00546236 /* OneStat.swift */,
				E99F0CD226A48311002A8081 /* Utils.swift */,
				E99F0CD426A487AF002A8081 /* Settings.swift */,
			);
			path = Util;
			sourceTree = "<group>";
		};
		9850F6293E8C7551CA5974A4 /* Pods */ = {
			isa = PBXGroup;
			children = (
				12ADA20233F2BDF3C8227647 /* Pods-ZTimer.debug.xcconfig */,
				2EFA162806CDFE1593448D78 /* Pods-ZTimer.release.xcconfig */,
			);
			path = Pods;
			sourceTree = "<group>";
		};
		E982080C26E4B96200DD7A9E /* SupportingFiles */ = {
			isa = PBXGroup;
			children = (
				E982080D26E4B96200DD7A9E /* LaunchScreen.storyboard */,
				E982080E26E4B96200DD7A9E /* license.html */,
				E982080F26E4B96200DD7A9E /* scrambleTypes.plist */,
				E982081026E4B96200DD7A9E /* AppDelegate.swift */,
				E982081126E4B96200DD7A9E /* ZTimer-Info.plist */,
			);
			path = SupportingFiles;
			sourceTree = "<group>";
		};
/* End PBXGroup section */

/* Begin PBXNativeTarget section */
		0C2FA6D717B1E37F00A006B5 /* ZTimer */ = {
			isa = PBXNativeTarget;
			buildConfigurationList = 0C2FA70917B1E37F00A006B5 /* Build configuration list for PBXNativeTarget "ZTimer" */;
			buildPhases = (
				71A2A1E7B366DAF86FEAE493 /* [CP] Check Pods Manifest.lock */,
				0C2FA6D417B1E37F00A006B5 /* Sources */,
				0C2FA6D517B1E37F00A006B5 /* Frameworks */,
				0C2FA6D617B1E37F00A006B5 /* Resources */,
				35B4D57666ED6E14A0D0F6ED /* [CP] Embed Pods Frameworks */,
			);
			buildRules = (
			);
			dependencies = (
			);
			name = ZTimer;
			productName = ChaoTimer;
			productReference = 0C2FA6D817B1E37F00A006B5 /* ZTimer.app */;
			productType = "com.apple.product-type.application";
		};
/* End PBXNativeTarget section */

/* Begin PBXProject section */
		0C2FA6D017B1E37F00A006B5 /* Project object */ = {
			isa = PBXProject;
			attributes = {
				CLASSPREFIX = "";
				LastUpgradeCheck = 1250;
				ORGANIZATIONNAME = "Thomas Guilleminot";
				TargetAttributes = {
					0C2FA6D717B1E37F00A006B5 = {
						LastSwiftMigration = 1250;
					};
				};
			};
			buildConfigurationList = 0C2FA6D317B1E37F00A006B5 /* Build configuration list for PBXProject "ZTimer" */;
			compatibilityVersion = "Xcode 12.0";
			developmentRegion = en;
			hasScannedForEncodings = 0;
			knownRegions = (
				en,
				"zh-Hans",
				Base,
			);
			mainGroup = 0C2FA6CF17B1E37F00A006B5;
			productRefGroup = 0C2FA6D917B1E37F00A006B5 /* Products */;
			projectDirPath = "";
			projectRoot = "";
			targets = (
				0C2FA6D717B1E37F00A006B5 /* ZTimer */,
			);
		};
/* End PBXProject section */

/* Begin PBXResourcesBuildPhase section */
		0C2FA6D617B1E37F00A006B5 /* Resources */ = {
			isa = PBXResourcesBuildPhase;
			buildActionMask = 2147483647;
			files = (
				0CE9480F17FA627900FB770C /* Localizable.strings in Resources */,
				E982081226E4B96200DD7A9E /* LaunchScreen.storyboard in Resources */,
				0C2FA6F517B1E37F00A006B5 /* MainStoryboard_iPhone.storyboard in Resources */,
				E982081326E4B96200DD7A9E /* license.html in Resources */,
				0CEB9B3D180FAD120064182B /* Images.xcassets in Resources */,
				E982081426E4B96200DD7A9E /* scrambleTypes.plist in Resources */,
			);
			runOnlyForDeploymentPostprocessing = 0;
		};
/* End PBXResourcesBuildPhase section */

/* Begin PBXShellScriptBuildPhase section */
		35B4D57666ED6E14A0D0F6ED /* [CP] Embed Pods Frameworks */ = {
			isa = PBXShellScriptBuildPhase;
			buildActionMask = 2147483647;
			files = (
			);
			inputFileListPaths = (
				"${PODS_ROOT}/Target Support Files/Pods-ZTimer/Pods-ZTimer-frameworks-${CONFIGURATION}-input-files.xcfilelist",
			);
			name = "[CP] Embed Pods Frameworks";
			outputFileListPaths = (
				"${PODS_ROOT}/Target Support Files/Pods-ZTimer/Pods-ZTimer-frameworks-${CONFIGURATION}-output-files.xcfilelist",
			);
			runOnlyForDeploymentPostprocessing = 0;
			shellPath = /bin/sh;
			shellScript = "\"${PODS_ROOT}/Target Support Files/Pods-ZTimer/Pods-ZTimer-frameworks.sh\"\n";
			showEnvVarsInLog = 0;
		};
		71A2A1E7B366DAF86FEAE493 /* [CP] Check Pods Manifest.lock */ = {
			isa = PBXShellScriptBuildPhase;
			buildActionMask = 2147483647;
			files = (
			);
			inputFileListPaths = (
			);
			inputPaths = (
				"${PODS_PODFILE_DIR_PATH}/Podfile.lock",
				"${PODS_ROOT}/Manifest.lock",
			);
			name = "[CP] Check Pods Manifest.lock";
			outputFileListPaths = (
			);
			outputPaths = (
				"$(DERIVED_FILE_DIR)/Pods-ZTimer-checkManifestLockResult.txt",
			);
			runOnlyForDeploymentPostprocessing = 0;
			shellPath = /bin/sh;
			shellScript = "diff \"${PODS_PODFILE_DIR_PATH}/Podfile.lock\" \"${PODS_ROOT}/Manifest.lock\" > /dev/null\nif [ $? != 0 ] ; then\n    # print error to STDERR\n    echo \"error: The sandbox is not in sync with the Podfile.lock. Run 'pod install' or update your CocoaPods installation.\" >&2\n    exit 1\nfi\n# This output is used by Xcode 'outputs' to avoid re-running this script phase.\necho \"SUCCESS\" > \"${SCRIPT_OUTPUT_FILE_0}\"\n";
			showEnvVarsInLog = 0;
		};
/* End PBXShellScriptBuildPhase section */

/* Begin PBXSourcesBuildPhase section */
		0C2FA6D417B1E37F00A006B5 /* Sources */ = {
			isa = PBXSourcesBuildPhase;
			buildActionMask = 2147483647;
			files = (
				7F7D43F826B6DF340017B4C3 /* EditSessionViewController.swift in Sources */,
				7F7D43F026B3EFB70017B4C3 /* MoreViewController.swift in Sources */,
				7F7D440526B6FE490017B4C3 /* StatDetailViewController.swift in Sources */,
				7F7D440026B6F3770017B4C3 /* SolveDetailViewController.swift in Sources */,
				E9081EA026C90F5500619AE2 /* Scramble.swift in Sources */,
				E97FF97226A6212C00546236 /* OneStat.swift in Sources */,
				E9B8098326BC1967001C1095 /* StatsViewController.swift in Sources */,
				7F7D43EC26B3E8150017B4C3 /* HelpViewController.swift in Sources */,
				E9D499D326D245840069C9A1 /* Session.swift in Sources */,
				E90A57C326C91DF500424DCF /* Solve.swift in Sources */,
				7F7D43F426B5A5720017B4C3 /* SettingsViewController.swift in Sources */,
				E99F0CD326A48311002A8081 /* Utils.swift in Sources */,
				E97FF97426A6249400546236 /* Theme.swift in Sources */,
				7F7D43E826B16B3D0017B4C3 /* ThemeViewController.swift in Sources */,
				E9081E9E26C7FCF900619AE2 /* ScramblePickerViewController.swift in Sources */,
				7F7D43FC26B6E6390017B4C3 /* SessionViewController.swift in Sources */,
				7F7D43E026B166B30017B4C3 /* LicenseViewController.swift in Sources */,
				E9B8098526BDB2DE001C1095 /* TimingViewController.swift in Sources */,
				E982081526E4B96200DD7A9E /* AppDelegate.swift in Sources */,
				E9D499D026D191220069C9A1 /* SessionManager.swift in Sources */,
				E99F0CD526A487AF002A8081 /* Settings.swift in Sources */,
			);
			runOnlyForDeploymentPostprocessing = 0;
		};
/* End PBXSourcesBuildPhase section */

/* Begin PBXVariantGroup section */
		0C2FA6F317B1E37F00A006B5 /* MainStoryboard_iPhone.storyboard */ = {
			isa = PBXVariantGroup;
			children = (
				E99F0CCF26A480C0002A8081 /* Base */,
			);
			name = MainStoryboard_iPhone.storyboard;
			sourceTree = "<group>";
		};
		0CE9481117FA627900FB770C /* Localizable.strings */ = {
			isa = PBXVariantGroup;
			children = (
				0CE9481017FA627900FB770C /* en */,
				0CE9481217FA627E00FB770C /* zh-Hans */,
			);
			name = Localizable.strings;
			sourceTree = "<group>";
		};
/* End PBXVariantGroup section */

/* Begin XCBuildConfiguration section */
		0C2FA70717B1E37F00A006B5 /* Debug */ = {
			isa = XCBuildConfiguration;
			buildSettings = {
				ALWAYS_SEARCH_USER_PATHS = NO;
				CLANG_ANALYZER_LOCALIZABILITY_NONLOCALIZED = YES;
				CLANG_CXX_LANGUAGE_STANDARD = "gnu++0x";
				CLANG_CXX_LIBRARY = "libc++";
				CLANG_ENABLE_OBJC_ARC = YES;
				CLANG_WARN_BLOCK_CAPTURE_AUTORELEASING = YES;
				CLANG_WARN_BOOL_CONVERSION = YES;
				CLANG_WARN_COMMA = YES;
				CLANG_WARN_CONSTANT_CONVERSION = YES;
				CLANG_WARN_DEPRECATED_OBJC_IMPLEMENTATIONS = YES;
				CLANG_WARN_EMPTY_BODY = YES;
				CLANG_WARN_ENUM_CONVERSION = YES;
				CLANG_WARN_INFINITE_RECURSION = YES;
				CLANG_WARN_INT_CONVERSION = YES;
				CLANG_WARN_NON_LITERAL_NULL_CONVERSION = YES;
				CLANG_WARN_OBJC_IMPLICIT_RETAIN_SELF = YES;
				CLANG_WARN_OBJC_LITERAL_CONVERSION = YES;
				CLANG_WARN_QUOTED_INCLUDE_IN_FRAMEWORK_HEADER = YES;
				CLANG_WARN_RANGE_LOOP_ANALYSIS = YES;
				CLANG_WARN_STRICT_PROTOTYPES = YES;
				CLANG_WARN_SUSPICIOUS_MOVE = YES;
				CLANG_WARN_UNREACHABLE_CODE = YES;
				CLANG_WARN__DUPLICATE_METHOD_MATCH = YES;
				"CODE_SIGN_IDENTITY[sdk=iphoneos*]" = "iPhone Developer";
				COPY_PHASE_STRIP = NO;
				ENABLE_STRICT_OBJC_MSGSEND = YES;
				ENABLE_TESTABILITY = YES;
				GCC_C_LANGUAGE_STANDARD = gnu99;
				GCC_DYNAMIC_NO_PIC = NO;
				GCC_NO_COMMON_BLOCKS = YES;
				GCC_OPTIMIZATION_LEVEL = 0;
				GCC_PREPROCESSOR_DEFINITIONS = (
					"DEBUG=1",
					"$(inherited)",
				);
				GCC_SYMBOLS_PRIVATE_EXTERN = NO;
				GCC_WARN_64_TO_32_BIT_CONVERSION = YES;
				GCC_WARN_ABOUT_RETURN_TYPE = YES;
				GCC_WARN_UNDECLARED_SELECTOR = YES;
				GCC_WARN_UNINITIALIZED_AUTOS = YES;
				GCC_WARN_UNUSED_FUNCTION = YES;
				GCC_WARN_UNUSED_VARIABLE = YES;
				IPHONEOS_DEPLOYMENT_TARGET = 14.1;
				ONLY_ACTIVE_ARCH = YES;
				SDKROOT = iphoneos;
				TARGETED_DEVICE_FAMILY = "1,2";
			};
			name = Debug;
		};
		0C2FA70817B1E37F00A006B5 /* Release */ = {
			isa = XCBuildConfiguration;
			buildSettings = {
				ALWAYS_SEARCH_USER_PATHS = NO;
				CLANG_ANALYZER_LOCALIZABILITY_NONLOCALIZED = YES;
				CLANG_CXX_LANGUAGE_STANDARD = "gnu++0x";
				CLANG_CXX_LIBRARY = "libc++";
				CLANG_ENABLE_OBJC_ARC = YES;
				CLANG_WARN_BLOCK_CAPTURE_AUTORELEASING = YES;
				CLANG_WARN_BOOL_CONVERSION = YES;
				CLANG_WARN_COMMA = YES;
				CLANG_WARN_CONSTANT_CONVERSION = YES;
				CLANG_WARN_DEPRECATED_OBJC_IMPLEMENTATIONS = YES;
				CLANG_WARN_EMPTY_BODY = YES;
				CLANG_WARN_ENUM_CONVERSION = YES;
				CLANG_WARN_INFINITE_RECURSION = YES;
				CLANG_WARN_INT_CONVERSION = YES;
				CLANG_WARN_NON_LITERAL_NULL_CONVERSION = YES;
				CLANG_WARN_OBJC_IMPLICIT_RETAIN_SELF = YES;
				CLANG_WARN_OBJC_LITERAL_CONVERSION = YES;
				CLANG_WARN_QUOTED_INCLUDE_IN_FRAMEWORK_HEADER = YES;
				CLANG_WARN_RANGE_LOOP_ANALYSIS = YES;
				CLANG_WARN_STRICT_PROTOTYPES = YES;
				CLANG_WARN_SUSPICIOUS_MOVE = YES;
				CLANG_WARN_UNREACHABLE_CODE = YES;
				CLANG_WARN__DUPLICATE_METHOD_MATCH = YES;
				"CODE_SIGN_IDENTITY[sdk=iphoneos*]" = "iPhone Developer";
				COPY_PHASE_STRIP = YES;
				ENABLE_STRICT_OBJC_MSGSEND = YES;
				GCC_C_LANGUAGE_STANDARD = gnu99;
				GCC_NO_COMMON_BLOCKS = YES;
				GCC_WARN_64_TO_32_BIT_CONVERSION = YES;
				GCC_WARN_ABOUT_RETURN_TYPE = YES;
				GCC_WARN_UNDECLARED_SELECTOR = YES;
				GCC_WARN_UNINITIALIZED_AUTOS = YES;
				GCC_WARN_UNUSED_FUNCTION = YES;
				GCC_WARN_UNUSED_VARIABLE = YES;
				IPHONEOS_DEPLOYMENT_TARGET = 14.1;
				OTHER_CFLAGS = "-DNS_BLOCK_ASSERTIONS=1";
				SDKROOT = iphoneos;
				SWIFT_COMPILATION_MODE = wholemodule;
				TARGETED_DEVICE_FAMILY = "1,2";
				VALIDATE_PRODUCT = YES;
			};
			name = Release;
		};
		0C2FA70A17B1E37F00A006B5 /* Debug */ = {
			isa = XCBuildConfiguration;
			baseConfigurationReference = 12ADA20233F2BDF3C8227647 /* Pods-ZTimer.debug.xcconfig */;
			buildSettings = {
				ARCHS = "$(ARCHS_STANDARD)";
				ASSETCATALOG_COMPILER_APPICON_NAME = AppIcon;
				ASSETCATALOG_COMPILER_LAUNCHIMAGE_NAME = "";
				CLANG_ENABLE_MODULES = YES;
				CODE_SIGN_IDENTITY = "iPhone Distribution";
				"CODE_SIGN_IDENTITY[sdk=iphoneos*]" = "iPhone Developer";
				CODE_SIGN_STYLE = Manual;
				CURRENT_PROJECT_VERSION = 0;
				DEFINES_MODULE = YES;
				DEVELOPMENT_TEAM = XDX42S5M9N;
				FRAMEWORK_SEARCH_PATHS = "$(inherited)";
				GCC_NO_COMMON_BLOCKS = NO;
				GCC_PRECOMPILE_PREFIX_HEADER = YES;
				GCC_PREFIX_HEADER = "ZTimer/ZTimer-Prefix.pch";
				INFOPLIST_FILE = "$(SRCROOT)/ZTimer/SupportingFiles/ZTimer-Info.plist";
				IPHONEOS_DEPLOYMENT_TARGET = 14.1;
				LD_RUNPATH_SEARCH_PATHS = (
					"$(inherited)",
					"@executable_path/Frameworks",
				);
				LIBRARY_SEARCH_PATHS = "$(inherited)";
				MARKETING_VERSION = 0.1;
				OTHER_LDFLAGS = "$(inherited)";
				PRODUCT_BUNDLE_IDENTIFIER = com.zlatan.ztimer;
				PRODUCT_NAME = "$(TARGET_NAME)";
				PROVISIONING_PROFILE = "";
				PROVISIONING_PROFILE_SPECIFIER = ztimer_dev;
				SWIFT_INSTALL_OBJC_HEADER = YES;
				SWIFT_OBJC_BRIDGING_HEADER = "";
				SWIFT_OPTIMIZATION_LEVEL = "-Onone";
				SWIFT_VERSION = 5.0;
				TARGETED_DEVICE_FAMILY = "1,2";
				WRAPPER_EXTENSION = app;
			};
			name = Debug;
		};
		0C2FA70B17B1E37F00A006B5 /* Release */ = {
			isa = XCBuildConfiguration;
			baseConfigurationReference = 2EFA162806CDFE1593448D78 /* Pods-ZTimer.release.xcconfig */;
			buildSettings = {
				ARCHS = "$(ARCHS_STANDARD)";
				ASSETCATALOG_COMPILER_APPICON_NAME = AppIcon;
				ASSETCATALOG_COMPILER_LAUNCHIMAGE_NAME = "";
				CLANG_ENABLE_MODULES = YES;
				CODE_SIGN_IDENTITY = "iPhone Distribution";
				"CODE_SIGN_IDENTITY[sdk=iphoneos*]" = "iPhone Developer";
				CODE_SIGN_STYLE = Manual;
				CURRENT_PROJECT_VERSION = 0;
				DEFINES_MODULE = YES;
				DEVELOPMENT_TEAM = XDX42S5M9N;
				FRAMEWORK_SEARCH_PATHS = "$(inherited)";
				GCC_NO_COMMON_BLOCKS = NO;
				GCC_PRECOMPILE_PREFIX_HEADER = YES;
				GCC_PREFIX_HEADER = "ZTimer/ZTimer-Prefix.pch";
				INFOPLIST_FILE = "$(SRCROOT)/ZTimer/SupportingFiles/ZTimer-Info.plist";
				IPHONEOS_DEPLOYMENT_TARGET = 14.1;
				LD_RUNPATH_SEARCH_PATHS = (
					"$(inherited)",
					"@executable_path/Frameworks",
				);
				LIBRARY_SEARCH_PATHS = "$(inherited)";
				MARKETING_VERSION = 0.1;
				OTHER_LDFLAGS = "$(inherited)";
				PRODUCT_BUNDLE_IDENTIFIER = com.zlatan.ztimer;
				PRODUCT_NAME = "$(TARGET_NAME)";
				PROVISIONING_PROFILE = "";
				PROVISIONING_PROFILE_SPECIFIER = ztimer_dev;
				SWIFT_INSTALL_OBJC_HEADER = YES;
				SWIFT_OBJC_BRIDGING_HEADER = "";
				SWIFT_VERSION = 5.0;
				TARGETED_DEVICE_FAMILY = "1,2";
				WRAPPER_EXTENSION = app;
			};
			name = Release;
		};
/* End XCBuildConfiguration section */

/* Begin XCConfigurationList section */
		0C2FA6D317B1E37F00A006B5 /* Build configuration list for PBXProject "ZTimer" */ = {
			isa = XCConfigurationList;
			buildConfigurations = (
				0C2FA70717B1E37F00A006B5 /* Debug */,
				0C2FA70817B1E37F00A006B5 /* Release */,
			);
			defaultConfigurationIsVisible = 0;
			defaultConfigurationName = Release;
		};
		0C2FA70917B1E37F00A006B5 /* Build configuration list for PBXNativeTarget "ZTimer" */ = {
			isa = XCConfigurationList;
			buildConfigurations = (
				0C2FA70A17B1E37F00A006B5 /* Debug */,
				0C2FA70B17B1E37F00A006B5 /* Release */,
			);
			defaultConfigurationIsVisible = 0;
			defaultConfigurationName = Release;
		};
/* End XCConfigurationList section */
	};
	rootObject = 0C2FA6D017B1E37F00A006B5 /* Project object */;
}
